
Microsoft Visual Studio Solution File, Format Version 12.00
# Visual Studio Version 16
VisualStudioVersion = 16.0.31424.327
MinimumVisualStudioVersion = 10.0.40219.1
Project("{FAE04EC0-301F-11D3-BF4B-00C04F79EFBC}") = "API_CRUD", "API_CRUD\API_CRUD.csproj", "{C22111B1-0AFA-405F-BA1A-4FE0DBA5C932}"
EndProject
Global
	GlobalSection(SolutionConfigurationPlatforms) = preSolution
		Debug|Any CPU = Debug|Any CPU
		Release|Any CPU = Release|Any CPU
	EndGlobalSection
	GlobalSection(ProjectConfigurationPlatforms) = postSolution
		{C22111B1-0AFA-405F-BA1A-4FE0DBA5C932}.Debug|Any CPU.ActiveCfg = Debug|Any CPU
		{C22111B1-0AFA-405F-BA1A-4FE0DBA5C932}.Debug|Any CPU.Build.0 = Debug|Any CPU
		{C22111B1-0AFA-405F-BA1A-4FE0DBA5C932}.Release|Any CPU.ActiveCfg = Release|Any CPU
		{C22111B1-0AFA-405F-BA1A-4FE0DBA5C932}.Release|Any CPU.Build.0 = Release|Any CPU
	EndGlobalSection
	GlobalSection(SolutionProperties) = preSolution
		HideSolutionNode = FALSE
	EndGlobalSection
	GlobalSection(ExtensibilityGlobals) = postSolution
		SolutionGuid = {1937050D-35F2-4771-BD8D-C3A95A675CE1}
	EndGlobalSection
EndGlobal
